
Microsoft Visual Studio Solution File, Format Version 12.00
# Visual Studio 15
VisualStudioVersion = 15.0.28010.2003
MinimumVisualStudioVersion = 10.0.40219.1
Project("{FAE04EC0-301F-11D3-BF4B-00C04F79EFBC}") = "MyFirst_C_Sharp_Windows_Form", "MyFirst_C_Sharp_Windows_Form\MyFirst_C_Sharp_Windows_Form.csproj", "{A5060FAB-CE67-4A18-A00D-EFBC19E72D67}"
EndProject
Global
	GlobalSection(SolutionConfigurationPlatforms) = preSolution
		Debug|Any CPU = Debug|Any CPU
		Release|Any CPU = Release|Any CPU
	EndGlobalSection
	GlobalSection(ProjectConfigurationPlatforms) = postSolution
		{A5060FAB-CE67-4A18-A00D-EFBC19E72D67}.Debug|Any CPU.ActiveCfg = Debug|Any CPU
		{A5060FAB-CE67-4A18-A00D-EFBC19E72D67}.Debug|Any CPU.Build.0 = Debug|Any CPU
		{A5060FAB-CE67-4A18-A00D-EFBC19E72D67}.Release|Any CPU.ActiveCfg = Release|Any CPU
		{A5060FAB-CE67-4A18-A00D-EFBC19E72D67}.Release|Any CPU.Build.0 = Release|Any CPU
	EndGlobalSection
	GlobalSection(SolutionProperties) = preSolution
		HideSolutionNode = FALSE
	EndGlobalSection
	GlobalSection(ExtensibilityGlobals) = postSolution
		SolutionGuid = {E0F8C1E9-FB6E-4194-91EF-2CDAD230F328}
	EndGlobalSection
EndGlobal
